
Microsoft Visual Studio Solution File, Format Version 12.00
# Visual Studio Version 17
VisualStudioVersion = 17.7.34031.279
MinimumVisualStudioVersion = 10.0.40219.1
Project("{8BC9CEB8-8B4A-11D0-8D11-00A0C91BC942}") = "prakt3forrat", "prakt3forrat\prakt3forrat.vcxproj", "{F9CF2CBA-E8BE-4C5B-8672-9B9F1857EFC1}"
EndProject
Global
	GlobalSection(SolutionConfigurationPlatforms) = preSolution
		Debug|x64 = Debug|x64
		Debug|x86 = Debug|x86
		Release|x64 = Release|x64
		Release|x86 = Release|x86
	EndGlobalSection
	GlobalSection(ProjectConfigurationPlatforms) = postSolution
		{F9CF2CBA-E8BE-4C5B-8672-9B9F1857EFC1}.Debug|x64.ActiveCfg = Debug|x64
		{F9CF2CBA-E8BE-4C5B-8672-9B9F1857EFC1}.Debug|x64.Build.0 = Debug|x64
		{F9CF2CBA-E8BE-4C5B-8672-9B9F1857EFC1}.Debug|x86.ActiveCfg = Debug|Win32
		{F9CF2CBA-E8BE-4C5B-8672-9B9F1857EFC1}.Debug|x86.Build.0 = Debug|Win32
		{F9CF2CBA-E8BE-4C5B-8672-9B9F1857EFC1}.Release|x64.ActiveCfg = Release|x64
		{F9CF2CBA-E8BE-4C5B-8672-9B9F1857EFC1}.Release|x64.Build.0 = Release|x64
		{F9CF2CBA-E8BE-4C5B-8672-9B9F1857EFC1}.Release|x86.ActiveCfg = Release|Win32
		{F9CF2CBA-E8BE-4C5B-8672-9B9F1857EFC1}.Release|x86.Build.0 = Release|Win32
	EndGlobalSection
	GlobalSection(SolutionProperties) = preSolution
		HideSolutionNode = FALSE
	EndGlobalSection
	GlobalSection(ExtensibilityGlobals) = postSolution
		SolutionGuid = {45DE0AA2-C08A-4250-9435-0CBD2888DEF1}
	EndGlobalSection
EndGlobal
